// !$*UTF8*$!
{
	archiveVersion = 1;
	classes = {
	};
	objectVersion = 56;
	objects = {

/* Begin PBXBuildFile section */
		BF217FBC2B90445700005292 /* AppDelegate.swift in Sources */ = {isa = PBXBuildFile; fileRef = BF217FBB2B90445700005292 /* AppDelegate.swift */; };
		BF217FBE2B90445700005292 /* SceneDelegate.swift in Sources */ = {isa = PBXBuildFile; fileRef = BF217FBD2B90445700005292 /* SceneDelegate.swift */; };
		BF217FC02B90445700005292 /* ProductListViewController.swift in Sources */ = {isa = PBXBuildFile; fileRef = BF217FBF2B90445700005292 /* ProductListViewController.swift */; };
		BF217FC52B90445900005292 /* Assets.xcassets in Resources */ = {isa = PBXBuildFile; fileRef = BF217FC42B90445900005292 /* Assets.xcassets */; };
		BF217FC82B90445900005292 /* LaunchScreen.storyboard in Resources */ = {isa = PBXBuildFile; fileRef = BF217FC62B90445900005292 /* LaunchScreen.storyboard */; };
		BF21801C2B9303A400005292 /* ProductDTOListDecodingTests.swift in Sources */ = {isa = PBXBuildFile; fileRef = BF21801B2B9303A400005292 /* ProductDTOListDecodingTests.swift */; };
		BF2180242B93041A00005292 /* productList.json in Resources */ = {isa = PBXBuildFile; fileRef = BF2180232B93041A00005292 /* productList.json */; };
		BF2180262B9305E800005292 /* ProductDTODecodingTests.swift in Sources */ = {isa = PBXBuildFile; fileRef = BF2180252B9305E800005292 /* ProductDTODecodingTests.swift */; };
		BF2180282B93065F00005292 /* product.json in Resources */ = {isa = PBXBuildFile; fileRef = BF2180272B93065F00005292 /* product.json */; };
		BF21802B2B930A4100005292 /* NetworkManagerTests.swift in Sources */ = {isa = PBXBuildFile; fileRef = BF21802A2B930A4100005292 /* NetworkManagerTests.swift */; };
		BF21802D2B930ADF00005292 /* StubNetworkSession.swift in Sources */ = {isa = PBXBuildFile; fileRef = BF21802C2B930ADF00005292 /* StubNetworkSession.swift */; };
		BF21802F2B930D9800005292 /* DummyNetworkBuilder.swift in Sources */ = {isa = PBXBuildFile; fileRef = BF21802E2B930D9800005292 /* DummyNetworkBuilder.swift */; };
		BF2180432B95DBCC00005292 /* Product.swift in Sources */ = {isa = PBXBuildFile; fileRef = BF2180422B95DBCC00005292 /* Product.swift */; };
		BF21804B2B95E88900005292 /* DateCalculator.swift in Sources */ = {isa = PBXBuildFile; fileRef = BF21804A2B95E88900005292 /* DateCalculator.swift */; };
		BF21804E2B95EB4800005292 /* DateCalculatorTests.swift in Sources */ = {isa = PBXBuildFile; fileRef = BF21804D2B95EB4800005292 /* DateCalculatorTests.swift */; };
		BF2180522B97329C00005292 /* Currency.swift in Sources */ = {isa = PBXBuildFile; fileRef = BF2180512B97329C00005292 /* Currency.swift */; };
		BF2180572B9732A900005292 /* ProductDTOList.swift in Sources */ = {isa = PBXBuildFile; fileRef = BF2180532B9732A900005292 /* ProductDTOList.swift */; };
		BF2180582B9732A900005292 /* Vendor.swift in Sources */ = {isa = PBXBuildFile; fileRef = BF2180542B9732A900005292 /* Vendor.swift */; };
		BF2180592B9732A900005292 /* ProductDTO.swift in Sources */ = {isa = PBXBuildFile; fileRef = BF2180552B9732A900005292 /* ProductDTO.swift */; };
		BF21805A2B9732A900005292 /* ProductImage.swift in Sources */ = {isa = PBXBuildFile; fileRef = BF2180562B9732A900005292 /* ProductImage.swift */; };
		BF21805E2B9732C000005292 /* ProductListBuilder.swift in Sources */ = {isa = PBXBuildFile; fileRef = BF21805B2B9732C000005292 /* ProductListBuilder.swift */; };
		BF21805F2B9732C000005292 /* ProductBuilder.swift in Sources */ = {isa = PBXBuildFile; fileRef = BF21805C2B9732C000005292 /* ProductBuilder.swift */; };
		BF2180602B9732C000005292 /* HealthCheckerBuilder.swift in Sources */ = {isa = PBXBuildFile; fileRef = BF21805D2B9732C000005292 /* HealthCheckerBuilder.swift */; };
		BF2180652B9732DC00005292 /* NetworkManager.swift in Sources */ = {isa = PBXBuildFile; fileRef = BF2180612B9732DC00005292 /* NetworkManager.swift */; };
		BF2180662B9732DC00005292 /* NetworkError.swift in Sources */ = {isa = PBXBuildFile; fileRef = BF2180622B9732DC00005292 /* NetworkError.swift */; };
		BF2180672B9732DC00005292 /* NetworkSession.swift in Sources */ = {isa = PBXBuildFile; fileRef = BF2180632B9732DC00005292 /* NetworkSession.swift */; };
		BF2180682B9732DC00005292 /* JSONNetworkDeserializer.swift in Sources */ = {isa = PBXBuildFile; fileRef = BF2180642B9732DC00005292 /* JSONNetworkDeserializer.swift */; };
		BF21806D2B97330200005292 /* NetworkSerializable.swift in Sources */ = {isa = PBXBuildFile; fileRef = BF2180692B97330200005292 /* NetworkSerializable.swift */; };
		BF21806E2B97330200005292 /* NetworkDeserializable.swift in Sources */ = {isa = PBXBuildFile; fileRef = BF21806A2B97330200005292 /* NetworkDeserializable.swift */; };
		BF21806F2B97330200005292 /* NetworkSessionProtocol.swift in Sources */ = {isa = PBXBuildFile; fileRef = BF21806B2B97330200005292 /* NetworkSessionProtocol.swift */; };
		BF2180702B97330200005292 /* NetworkBuilderProtocol.swift in Sources */ = {isa = PBXBuildFile; fileRef = BF21806C2B97330200005292 /* NetworkBuilderProtocol.swift */; };
		BFBE05ED2B99DB680034F32F /* ProductListCell.swift in Sources */ = {isa = PBXBuildFile; fileRef = BFBE05EC2B99DB680034F32F /* ProductListCell.swift */; };
		BFBE06102BA074EE0034F32F /* GundyMarketViewModel.swift in Sources */ = {isa = PBXBuildFile; fileRef = BFBE060F2BA074EE0034F32F /* GundyMarketViewModel.swift */; };
		BFBE06122BA075070034F32F /* ProductListViewModelDelegate.swift in Sources */ = {isa = PBXBuildFile; fileRef = BFBE06112BA075070034F32F /* ProductListViewModelDelegate.swift */; };
/* End PBXBuildFile section */

/* Begin PBXContainerItemProxy section */
		BF21801D2B9303A400005292 /* PBXContainerItemProxy */ = {
			isa = PBXContainerItemProxy;
			containerPortal = BF217FB02B90445700005292 /* Project object */;
			proxyType = 1;
			remoteGlobalIDString = BF217FB72B90445700005292;
			remoteInfo = GundyMarket;
		};
/* End PBXContainerItemProxy section */

/* Begin PBXFileReference section */
		BF217FB82B90445700005292 /* GundyMarket.app */ = {isa = PBXFileReference; explicitFileType = wrapper.application; includeInIndex = 0; path = GundyMarket.app; sourceTree = BUILT_PRODUCTS_DIR; };
		BF217FBB2B90445700005292 /* AppDelegate.swift */ = {isa = PBXFileReference; lastKnownFileType = sourcecode.swift; path = AppDelegate.swift; sourceTree = "<group>"; };
		BF217FBD2B90445700005292 /* SceneDelegate.swift */ = {isa = PBXFileReference; lastKnownFileType = sourcecode.swift; path = SceneDelegate.swift; sourceTree = "<group>"; };
		BF217FBF2B90445700005292 /* ProductListViewController.swift */ = {isa = PBXFileReference; lastKnownFileType = sourcecode.swift; path = ProductListViewController.swift; sourceTree = "<group>"; };
		BF217FC42B90445900005292 /* Assets.xcassets */ = {isa = PBXFileReference; lastKnownFileType = folder.assetcatalog; path = Assets.xcassets; sourceTree = "<group>"; };
		BF217FC72B90445900005292 /* Base */ = {isa = PBXFileReference; lastKnownFileType = file.storyboard; name = Base; path = Base.lproj/LaunchScreen.storyboard; sourceTree = "<group>"; };
		BF217FC92B90445900005292 /* Info.plist */ = {isa = PBXFileReference; lastKnownFileType = text.plist.xml; path = Info.plist; sourceTree = "<group>"; };
		BF2180192B9303A400005292 /* GundyMarketTests.xctest */ = {isa = PBXFileReference; explicitFileType = wrapper.cfbundle; includeInIndex = 0; path = GundyMarketTests.xctest; sourceTree = BUILT_PRODUCTS_DIR; };
		BF21801B2B9303A400005292 /* ProductDTOListDecodingTests.swift */ = {isa = PBXFileReference; lastKnownFileType = sourcecode.swift; path = ProductDTOListDecodingTests.swift; sourceTree = "<group>"; };
		BF2180232B93041A00005292 /* productList.json */ = {isa = PBXFileReference; fileEncoding = 4; lastKnownFileType = text.json; path = productList.json; sourceTree = "<group>"; };
		BF2180252B9305E800005292 /* ProductDTODecodingTests.swift */ = {isa = PBXFileReference; lastKnownFileType = sourcecode.swift; path = ProductDTODecodingTests.swift; sourceTree = "<group>"; };
		BF2180272B93065F00005292 /* product.json */ = {isa = PBXFileReference; fileEncoding = 4; lastKnownFileType = text.json; path = product.json; sourceTree = "<group>"; };
		BF21802A2B930A4100005292 /* NetworkManagerTests.swift */ = {isa = PBXFileReference; lastKnownFileType = sourcecode.swift; path = NetworkManagerTests.swift; sourceTree = "<group>"; };
		BF21802C2B930ADF00005292 /* StubNetworkSession.swift */ = {isa = PBXFileReference; lastKnownFileType = sourcecode.swift; path = StubNetworkSession.swift; sourceTree = "<group>"; };
		BF21802E2B930D9800005292 /* DummyNetworkBuilder.swift */ = {isa = PBXFileReference; lastKnownFileType = sourcecode.swift; path = DummyNetworkBuilder.swift; sourceTree = "<group>"; };
		BF2180422B95DBCC00005292 /* Product.swift */ = {isa = PBXFileReference; lastKnownFileType = sourcecode.swift; path = Product.swift; sourceTree = "<group>"; };
		BF21804A2B95E88900005292 /* DateCalculator.swift */ = {isa = PBXFileReference; lastKnownFileType = sourcecode.swift; path = DateCalculator.swift; sourceTree = "<group>"; };
		BF21804D2B95EB4800005292 /* DateCalculatorTests.swift */ = {isa = PBXFileReference; lastKnownFileType = sourcecode.swift; path = DateCalculatorTests.swift; sourceTree = "<group>"; };
		BF2180512B97329C00005292 /* Currency.swift */ = {isa = PBXFileReference; fileEncoding = 4; lastKnownFileType = sourcecode.swift; name = Currency.swift; path = Data/Feature/DTO/Currency.swift; sourceTree = "<group>"; };
		BF2180532B9732A900005292 /* ProductDTOList.swift */ = {isa = PBXFileReference; fileEncoding = 4; lastKnownFileType = sourcecode.swift; name = ProductDTOList.swift; path = Data/Feature/DTO/ProductDTOList.swift; sourceTree = "<group>"; };
		BF2180542B9732A900005292 /* Vendor.swift */ = {isa = PBXFileReference; fileEncoding = 4; lastKnownFileType = sourcecode.swift; name = Vendor.swift; path = Data/Feature/DTO/Vendor.swift; sourceTree = "<group>"; };
		BF2180552B9732A900005292 /* ProductDTO.swift */ = {isa = PBXFileReference; fileEncoding = 4; lastKnownFileType = sourcecode.swift; name = ProductDTO.swift; path = Data/Feature/DTO/ProductDTO.swift; sourceTree = "<group>"; };
		BF2180562B9732A900005292 /* ProductImage.swift */ = {isa = PBXFileReference; fileEncoding = 4; lastKnownFileType = sourcecode.swift; name = ProductImage.swift; path = Data/Feature/DTO/ProductImage.swift; sourceTree = "<group>"; };
		BF21805B2B9732C000005292 /* ProductListBuilder.swift */ = {isa = PBXFileReference; fileEncoding = 4; lastKnownFileType = sourcecode.swift; name = ProductListBuilder.swift; path = Data/Feature/OpenMarketBuilder/ProductListBuilder.swift; sourceTree = "<group>"; };
		BF21805C2B9732C000005292 /* ProductBuilder.swift */ = {isa = PBXFileReference; fileEncoding = 4; lastKnownFileType = sourcecode.swift; name = ProductBuilder.swift; path = Data/Feature/OpenMarketBuilder/ProductBuilder.swift; sourceTree = "<group>"; };
		BF21805D2B9732C000005292 /* HealthCheckerBuilder.swift */ = {isa = PBXFileReference; fileEncoding = 4; lastKnownFileType = sourcecode.swift; name = HealthCheckerBuilder.swift; path = Data/Feature/OpenMarketBuilder/HealthCheckerBuilder.swift; sourceTree = "<group>"; };
		BF2180612B9732DC00005292 /* NetworkManager.swift */ = {isa = PBXFileReference; fileEncoding = 4; lastKnownFileType = sourcecode.swift; name = NetworkManager.swift; path = Data/Core/Network/NetworkManager.swift; sourceTree = "<group>"; };
		BF2180622B9732DC00005292 /* NetworkError.swift */ = {isa = PBXFileReference; fileEncoding = 4; lastKnownFileType = sourcecode.swift; name = NetworkError.swift; path = Data/Core/Network/NetworkError.swift; sourceTree = "<group>"; };
		BF2180632B9732DC00005292 /* NetworkSession.swift */ = {isa = PBXFileReference; fileEncoding = 4; lastKnownFileType = sourcecode.swift; name = NetworkSession.swift; path = Data/Core/Network/NetworkSession.swift; sourceTree = "<group>"; };
		BF2180642B9732DC00005292 /* JSONNetworkDeserializer.swift */ = {isa = PBXFileReference; fileEncoding = 4; lastKnownFileType = sourcecode.swift; name = JSONNetworkDeserializer.swift; path = Data/Core/Network/JSONNetworkDeserializer.swift; sourceTree = "<group>"; };
		BF2180692B97330200005292 /* NetworkSerializable.swift */ = {isa = PBXFileReference; fileEncoding = 4; lastKnownFileType = sourcecode.swift; name = NetworkSerializable.swift; path = Data/Core/Network/Interface/NetworkSerializable.swift; sourceTree = "<group>"; };
		BF21806A2B97330200005292 /* NetworkDeserializable.swift */ = {isa = PBXFileReference; fileEncoding = 4; lastKnownFileType = sourcecode.swift; name = NetworkDeserializable.swift; path = Data/Core/Network/Interface/NetworkDeserializable.swift; sourceTree = "<group>"; };
		BF21806B2B97330200005292 /* NetworkSessionProtocol.swift */ = {isa = PBXFileReference; fileEncoding = 4; lastKnownFileType = sourcecode.swift; name = NetworkSessionProtocol.swift; path = Data/Core/Network/Interface/NetworkSessionProtocol.swift; sourceTree = "<group>"; };
		BF21806C2B97330200005292 /* NetworkBuilderProtocol.swift */ = {isa = PBXFileReference; fileEncoding = 4; lastKnownFileType = sourcecode.swift; name = NetworkBuilderProtocol.swift; path = Data/Core/Network/Interface/NetworkBuilderProtocol.swift; sourceTree = "<group>"; };
		BFBE05EC2B99DB680034F32F /* ProductListCell.swift */ = {isa = PBXFileReference; lastKnownFileType = sourcecode.swift; path = ProductListCell.swift; sourceTree = "<group>"; };
		BFBE060F2BA074EE0034F32F /* GundyMarketViewModel.swift */ = {isa = PBXFileReference; lastKnownFileType = sourcecode.swift; path = GundyMarketViewModel.swift; sourceTree = "<group>"; };
		BFBE06112BA075070034F32F /* ProductListViewModelDelegate.swift */ = {isa = PBXFileReference; lastKnownFileType = sourcecode.swift; path = ProductListViewModelDelegate.swift; sourceTree = "<group>"; };
/* End PBXFileReference section */

/* Begin PBXFrameworksBuildPhase section */
		BF217FB52B90445700005292 /* Frameworks */ = {
			isa = PBXFrameworksBuildPhase;
			buildActionMask = 2147483647;
			files = (
			);
			runOnlyForDeploymentPostprocessing = 0;
		};
		BF2180162B9303A400005292 /* Frameworks */ = {
			isa = PBXFrameworksBuildPhase;
			buildActionMask = 2147483647;
			files = (
			);
			runOnlyForDeploymentPostprocessing = 0;
		};
/* End PBXFrameworksBuildPhase section */

/* Begin PBXGroup section */
		BF217FAF2B90445700005292 = {
			isa = PBXGroup;
			children = (
				BF217FBA2B90445700005292 /* GundyMarket */,
				BF21801A2B9303A400005292 /* GundyMarketTests */,
				BF217FB92B90445700005292 /* Products */,
			);
			sourceTree = "<group>";
		};
		BF217FB92B90445700005292 /* Products */ = {
			isa = PBXGroup;
			children = (
				BF217FB82B90445700005292 /* GundyMarket.app */,
				BF2180192B9303A400005292 /* GundyMarketTests.xctest */,
			);
			name = Products;
			sourceTree = "<group>";
		};
		BF217FBA2B90445700005292 /* GundyMarket */ = {
			isa = PBXGroup;
			children = (
				BF217FBB2B90445700005292 /* AppDelegate.swift */,
				BF217FBD2B90445700005292 /* SceneDelegate.swift */,
				BF217FCF2B90447500005292 /* Domain */,
				BF217FD02B90447E00005292 /* Presentation */,
				BF217FD12B90448800005292 /* Data */,
				BF217FD22B9044B800005292 /* Resource */,
			);
			path = GundyMarket;
			sourceTree = "<group>";
		};
		BF217FCF2B90447500005292 /* Domain */ = {
			isa = PBXGroup;
			children = (
				BF2180412B95DBA400005292 /* Model */,
			);
			path = Domain;
			sourceTree = "<group>";
		};
		BF217FD02B90447E00005292 /* Presentation */ = {
			isa = PBXGroup;
			children = (
				BF21803D2B95D92A00005292 /* ViewModel */,
				BF21803E2B95D93000005292 /* ViewController */,
				BF2180712B97362B00005292 /* View */,
			);
			path = Presentation;
			sourceTree = "<group>";
		};
		BF217FD12B90448800005292 /* Data */ = {
			isa = PBXGroup;
			children = (
				BF2180402B95D98100005292 /* Feature */,
				BF21803F2B95D96D00005292 /* Core */,
			);
			name = Data;
			sourceTree = "<group>";
		};
		BF217FD22B9044B800005292 /* Resource */ = {
			isa = PBXGroup;
			children = (
				BF217FC42B90445900005292 /* Assets.xcassets */,
				BF217FC62B90445900005292 /* LaunchScreen.storyboard */,
				BF217FC92B90445900005292 /* Info.plist */,
			);
			path = Resource;
			sourceTree = "<group>";
		};
		BF217FD32B9049D900005292 /* DTO */ = {
			isa = PBXGroup;
			children = (
				BF2180512B97329C00005292 /* Currency.swift */,
				BF2180562B9732A900005292 /* ProductImage.swift */,
				BF2180542B9732A900005292 /* Vendor.swift */,
				BF2180552B9732A900005292 /* ProductDTO.swift */,
				BF2180532B9732A900005292 /* ProductDTOList.swift */,
			);
			name = DTO;
			sourceTree = "<group>";
		};
		BF217FD82B924D0300005292 /* Network */ = {
			isa = PBXGroup;
			children = (
				BF2180612B9732DC00005292 /* NetworkManager.swift */,
				BF2180622B9732DC00005292 /* NetworkError.swift */,
				BF2180632B9732DC00005292 /* NetworkSession.swift */,
				BF2180642B9732DC00005292 /* JSONNetworkDeserializer.swift */,
				BF217FDF2B924E3500005292 /* Interface */,
			);
			name = Network;
			sourceTree = "<group>";
		};
		BF217FDF2B924E3500005292 /* Interface */ = {
			isa = PBXGroup;
			children = (
				BF21806C2B97330200005292 /* NetworkBuilderProtocol.swift */,
				BF2180692B97330200005292 /* NetworkSerializable.swift */,
				BF21806A2B97330200005292 /* NetworkDeserializable.swift */,
				BF21806B2B97330200005292 /* NetworkSessionProtocol.swift */,
			);
			name = Interface;
			sourceTree = "<group>";
		};
		BF21801A2B9303A400005292 /* GundyMarketTests */ = {
			isa = PBXGroup;
			children = (
				BF21804C2B95EB1500005292 /* DateCalculatorTests */,
				BF2180222B9303A800005292 /* JSONDecodingTests */,
				BF2180292B930A2A00005292 /* NetworkManagerTests */,
			);
			path = GundyMarketTests;
			sourceTree = "<group>";
		};
		BF2180222B9303A800005292 /* JSONDecodingTests */ = {
			isa = PBXGroup;
			children = (
				BF2180272B93065F00005292 /* product.json */,
				BF2180252B9305E800005292 /* ProductDTODecodingTests.swift */,
				BF2180232B93041A00005292 /* productList.json */,
				BF21801B2B9303A400005292 /* ProductDTOListDecodingTests.swift */,
			);
			path = JSONDecodingTests;
			sourceTree = "<group>";
		};
		BF2180292B930A2A00005292 /* NetworkManagerTests */ = {
			isa = PBXGroup;
			children = (
				BF21802C2B930ADF00005292 /* StubNetworkSession.swift */,
				BF21802E2B930D9800005292 /* DummyNetworkBuilder.swift */,
				BF21802A2B930A4100005292 /* NetworkManagerTests.swift */,
			);
			path = NetworkManagerTests;
			sourceTree = "<group>";
		};
		BF2180362B95D66F00005292 /* OpenMarketBuilder */ = {
			isa = PBXGroup;
			children = (
				BF21805D2B9732C000005292 /* HealthCheckerBuilder.swift */,
				BF21805B2B9732C000005292 /* ProductListBuilder.swift */,
				BF21805C2B9732C000005292 /* ProductBuilder.swift */,
			);
			name = OpenMarketBuilder;
			sourceTree = "<group>";
		};
		BF21803D2B95D92A00005292 /* ViewModel */ = {
			isa = PBXGroup;
			children = (
				BFBE060F2BA074EE0034F32F /* GundyMarketViewModel.swift */,
				BFBE06112BA075070034F32F /* ProductListViewModelDelegate.swift */,
			);
			path = ViewModel;
			sourceTree = "<group>";
		};
		BF21803E2B95D93000005292 /* ViewController */ = {
			isa = PBXGroup;
			children = (
				BF217FBF2B90445700005292 /* ProductListViewController.swift */,
			);
			path = ViewController;
			sourceTree = "<group>";
		};
		BF21803F2B95D96D00005292 /* Core */ = {
			isa = PBXGroup;
			children = (
				BF217FD82B924D0300005292 /* Network */,
			);
			name = Core;
			sourceTree = "<group>";
		};
		BF2180402B95D98100005292 /* Feature */ = {
			isa = PBXGroup;
			children = (
				BF217FD32B9049D900005292 /* DTO */,
				BF2180362B95D66F00005292 /* OpenMarketBuilder */,
			);
			name = Feature;
			sourceTree = "<group>";
		};
		BF2180412B95DBA400005292 /* Model */ = {
			isa = PBXGroup;
			children = (
				BF2180422B95DBCC00005292 /* Product.swift */,
				BF21804A2B95E88900005292 /* DateCalculator.swift */,
			);
			path = Model;
			sourceTree = "<group>";
		};
		BF21804C2B95EB1500005292 /* DateCalculatorTests */ = {
			isa = PBXGroup;
			children = (
				BF21804D2B95EB4800005292 /* DateCalculatorTests.swift */,
			);
			path = DateCalculatorTests;
			sourceTree = "<group>";
		};
		BF2180712B97362B00005292 /* View */ = {
			isa = PBXGroup;
			children = (
				BFBE05EC2B99DB680034F32F /* ProductListCell.swift */,
			);
			path = View;
			sourceTree = "<group>";
		};
/* End PBXGroup section */

/* Begin PBXNativeTarget section */
		BF217FB72B90445700005292 /* GundyMarket */ = {
			isa = PBXNativeTarget;
			buildConfigurationList = BF217FCC2B90445900005292 /* Build configuration list for PBXNativeTarget "GundyMarket" */;
			buildPhases = (
				BF217FB42B90445700005292 /* Sources */,
				BF217FB52B90445700005292 /* Frameworks */,
				BF217FB62B90445700005292 /* Resources */,
			);
			buildRules = (
			);
			dependencies = (
			);
			name = GundyMarket;
			productName = GundyMarket;
			productReference = BF217FB82B90445700005292 /* GundyMarket.app */;
			productType = "com.apple.product-type.application";
		};
		BF2180182B9303A400005292 /* GundyMarketTests */ = {
			isa = PBXNativeTarget;
			buildConfigurationList = BF2180212B9303A400005292 /* Build configuration list for PBXNativeTarget "GundyMarketTests" */;
			buildPhases = (
				BF2180152B9303A400005292 /* Sources */,
				BF2180162B9303A400005292 /* Frameworks */,
				BF2180172B9303A400005292 /* Resources */,
			);
			buildRules = (
			);
			dependencies = (
				BF21801E2B9303A400005292 /* PBXTargetDependency */,
			);
			name = GundyMarketTests;
			productName = GundyMarketTests;
			productReference = BF2180192B9303A400005292 /* GundyMarketTests.xctest */;
			productType = "com.apple.product-type.bundle.unit-test";
		};
/* End PBXNativeTarget section */

/* Begin PBXProject section */
		BF217FB02B90445700005292 /* Project object */ = {
			isa = PBXProject;
			attributes = {
				BuildIndependentTargetsInParallel = 1;
				LastSwiftUpdateCheck = 1520;
				LastUpgradeCheck = 1520;
				TargetAttributes = {
					BF217FB72B90445700005292 = {
						CreatedOnToolsVersion = 15.2;
					};
					BF2180182B9303A400005292 = {
						CreatedOnToolsVersion = 15.2;
						TestTargetID = BF217FB72B90445700005292;
					};
				};
			};
			buildConfigurationList = BF217FB32B90445700005292 /* Build configuration list for PBXProject "GundyMarket" */;
			compatibilityVersion = "Xcode 14.0";
			developmentRegion = en;
			hasScannedForEncodings = 0;
			knownRegions = (
				en,
				Base,
			);
			mainGroup = BF217FAF2B90445700005292;
			productRefGroup = BF217FB92B90445700005292 /* Products */;
			projectDirPath = "";
			projectRoot = "";
			targets = (
				BF217FB72B90445700005292 /* GundyMarket */,
				BF2180182B9303A400005292 /* GundyMarketTests */,
			);
		};
/* End PBXProject section */

/* Begin PBXResourcesBuildPhase section */
		BF217FB62B90445700005292 /* Resources */ = {
			isa = PBXResourcesBuildPhase;
			buildActionMask = 2147483647;
			files = (
				BF217FC82B90445900005292 /* LaunchScreen.storyboard in Resources */,
				BF217FC52B90445900005292 /* Assets.xcassets in Resources */,
			);
			runOnlyForDeploymentPostprocessing = 0;
		};
		BF2180172B9303A400005292 /* Resources */ = {
			isa = PBXResourcesBuildPhase;
			buildActionMask = 2147483647;
			files = (
				BF2180242B93041A00005292 /* productList.json in Resources */,
				BF2180282B93065F00005292 /* product.json in Resources */,
			);
			runOnlyForDeploymentPostprocessing = 0;
		};
/* End PBXResourcesBuildPhase section */

/* Begin PBXSourcesBuildPhase section */
		BF217FB42B90445700005292 /* Sources */ = {
			isa = PBXSourcesBuildPhase;
			buildActionMask = 2147483647;
			files = (
				BF21805F2B9732C000005292 /* ProductBuilder.swift in Sources */,
				BF2180662B9732DC00005292 /* NetworkError.swift in Sources */,
				BF2180702B97330200005292 /* NetworkBuilderProtocol.swift in Sources */,
				BF2180592B9732A900005292 /* ProductDTO.swift in Sources */,
				BF2180652B9732DC00005292 /* NetworkManager.swift in Sources */,
				BF2180572B9732A900005292 /* ProductDTOList.swift in Sources */,
				BF2180522B97329C00005292 /* Currency.swift in Sources */,
				BF2180432B95DBCC00005292 /* Product.swift in Sources */,
				BF21804B2B95E88900005292 /* DateCalculator.swift in Sources */,
				BFBE05ED2B99DB680034F32F /* ProductListCell.swift in Sources */,
				BF217FC02B90445700005292 /* ProductListViewController.swift in Sources */,
				BF217FBC2B90445700005292 /* AppDelegate.swift in Sources */,
				BF2180582B9732A900005292 /* Vendor.swift in Sources */,
				BFBE06122BA075070034F32F /* ProductListViewModelDelegate.swift in Sources */,
				BF21805E2B9732C000005292 /* ProductListBuilder.swift in Sources */,
				BF217FBE2B90445700005292 /* SceneDelegate.swift in Sources */,
				BF21806D2B97330200005292 /* NetworkSerializable.swift in Sources */,
				BF21806E2B97330200005292 /* NetworkDeserializable.swift in Sources */,
				BF21805A2B9732A900005292 /* ProductImage.swift in Sources */,
				BF2180672B9732DC00005292 /* NetworkSession.swift in Sources */,
				BF2180602B9732C000005292 /* HealthCheckerBuilder.swift in Sources */,
				BF2180682B9732DC00005292 /* JSONNetworkDeserializer.swift in Sources */,
				BFBE06102BA074EE0034F32F /* GundyMarketViewModel.swift in Sources */,
				BF21806F2B97330200005292 /* NetworkSessionProtocol.swift in Sources */,
			);
			runOnlyForDeploymentPostprocessing = 0;
		};
		BF2180152B9303A400005292 /* Sources */ = {
			isa = PBXSourcesBuildPhase;
			buildActionMask = 2147483647;
			files = (
				BF21802F2B930D9800005292 /* DummyNetworkBuilder.swift in Sources */,
				BF21802B2B930A4100005292 /* NetworkManagerTests.swift in Sources */,
				BF2180262B9305E800005292 /* ProductDTODecodingTests.swift in Sources */,
				BF21804E2B95EB4800005292 /* DateCalculatorTests.swift in Sources */,
				BF21801C2B9303A400005292 /* ProductDTOListDecodingTests.swift in Sources */,
				BF21802D2B930ADF00005292 /* StubNetworkSession.swift in Sources */,
			);
			runOnlyForDeploymentPostprocessing = 0;
		};
/* End PBXSourcesBuildPhase section */

/* Begin PBXTargetDependency section */
		BF21801E2B9303A400005292 /* PBXTargetDependency */ = {
			isa = PBXTargetDependency;
			target = BF217FB72B90445700005292 /* GundyMarket */;
			targetProxy = BF21801D2B9303A400005292 /* PBXContainerItemProxy */;
		};
/* End PBXTargetDependency section */

/* Begin PBXVariantGroup section */
		BF217FC62B90445900005292 /* LaunchScreen.storyboard */ = {
			isa = PBXVariantGroup;
			children = (
				BF217FC72B90445900005292 /* Base */,
			);
			name = LaunchScreen.storyboard;
			sourceTree = "<group>";
		};
/* End PBXVariantGroup section */

/* Begin XCBuildConfiguration section */
		BF217FCA2B90445900005292 /* Debug */ = {
			isa = XCBuildConfiguration;
			buildSettings = {
				ALWAYS_SEARCH_USER_PATHS = NO;
				ASSETCATALOG_COMPILER_GENERATE_SWIFT_ASSET_SYMBOL_EXTENSIONS = YES;
				CLANG_ANALYZER_NONNULL = YES;
				CLANG_ANALYZER_NUMBER_OBJECT_CONVERSION = YES_AGGRESSIVE;
				CLANG_CXX_LANGUAGE_STANDARD = "gnu++20";
				CLANG_ENABLE_MODULES = YES;
				CLANG_ENABLE_OBJC_ARC = YES;
				CLANG_ENABLE_OBJC_WEAK = YES;
				CLANG_WARN_BLOCK_CAPTURE_AUTORELEASING = YES;
				CLANG_WARN_BOOL_CONVERSION = YES;
				CLANG_WARN_COMMA = YES;
				CLANG_WARN_CONSTANT_CONVERSION = YES;
				CLANG_WARN_DEPRECATED_OBJC_IMPLEMENTATIONS = YES;
				CLANG_WARN_DIRECT_OBJC_ISA_USAGE = YES_ERROR;
				CLANG_WARN_DOCUMENTATION_COMMENTS = YES;
				CLANG_WARN_EMPTY_BODY = YES;
				CLANG_WARN_ENUM_CONVERSION = YES;
				CLANG_WARN_INFINITE_RECURSION = YES;
				CLANG_WARN_INT_CONVERSION = YES;
				CLANG_WARN_NON_LITERAL_NULL_CONVERSION = YES;
				CLANG_WARN_OBJC_IMPLICIT_RETAIN_SELF = YES;
				CLANG_WARN_OBJC_LITERAL_CONVERSION = YES;
				CLANG_WARN_OBJC_ROOT_CLASS = YES_ERROR;
				CLANG_WARN_QUOTED_INCLUDE_IN_FRAMEWORK_HEADER = YES;
				CLANG_WARN_RANGE_LOOP_ANALYSIS = YES;
				CLANG_WARN_STRICT_PROTOTYPES = YES;
				CLANG_WARN_SUSPICIOUS_MOVE = YES;
				CLANG_WARN_UNGUARDED_AVAILABILITY = YES_AGGRESSIVE;
				CLANG_WARN_UNREACHABLE_CODE = YES;
				CLANG_WARN__DUPLICATE_METHOD_MATCH = YES;
				COPY_PHASE_STRIP = NO;
				DEBUG_INFORMATION_FORMAT = dwarf;
				ENABLE_STRICT_OBJC_MSGSEND = YES;
				ENABLE_TESTABILITY = YES;
				ENABLE_USER_SCRIPT_SANDBOXING = YES;
				GCC_C_LANGUAGE_STANDARD = gnu17;
				GCC_DYNAMIC_NO_PIC = NO;
				GCC_NO_COMMON_BLOCKS = YES;
				GCC_OPTIMIZATION_LEVEL = 0;
				GCC_PREPROCESSOR_DEFINITIONS = (
					"DEBUG=1",
					"$(inherited)",
				);
				GCC_WARN_64_TO_32_BIT_CONVERSION = YES;
				GCC_WARN_ABOUT_RETURN_TYPE = YES_ERROR;
				GCC_WARN_UNDECLARED_SELECTOR = YES;
				GCC_WARN_UNINITIALIZED_AUTOS = YES_AGGRESSIVE;
				GCC_WARN_UNUSED_FUNCTION = YES;
				GCC_WARN_UNUSED_VARIABLE = YES;
				IPHONEOS_DEPLOYMENT_TARGET = 17.2;
				LOCALIZATION_PREFERS_STRING_CATALOGS = YES;
				MTL_ENABLE_DEBUG_INFO = INCLUDE_SOURCE;
				MTL_FAST_MATH = YES;
				ONLY_ACTIVE_ARCH = YES;
				SDKROOT = iphoneos;
				SWIFT_ACTIVE_COMPILATION_CONDITIONS = "DEBUG $(inherited)";
				SWIFT_OPTIMIZATION_LEVEL = "-Onone";
			};
			name = Debug;
		};
		BF217FCB2B90445900005292 /* Release */ = {
			isa = XCBuildConfiguration;
			buildSettings = {
				ALWAYS_SEARCH_USER_PATHS = NO;
				ASSETCATALOG_COMPILER_GENERATE_SWIFT_ASSET_SYMBOL_EXTENSIONS = YES;
				CLANG_ANALYZER_NONNULL = YES;
				CLANG_ANALYZER_NUMBER_OBJECT_CONVERSION = YES_AGGRESSIVE;
				CLANG_CXX_LANGUAGE_STANDARD = "gnu++20";
				CLANG_ENABLE_MODULES = YES;
				CLANG_ENABLE_OBJC_ARC = YES;
				CLANG_ENABLE_OBJC_WEAK = YES;
				CLANG_WARN_BLOCK_CAPTURE_AUTORELEASING = YES;
				CLANG_WARN_BOOL_CONVERSION = YES;
				CLANG_WARN_COMMA = YES;
				CLANG_WARN_CONSTANT_CONVERSION = YES;
				CLANG_WARN_DEPRECATED_OBJC_IMPLEMENTATIONS = YES;
				CLANG_WARN_DIRECT_OBJC_ISA_USAGE = YES_ERROR;
				CLANG_WARN_DOCUMENTATION_COMMENTS = YES;
				CLANG_WARN_EMPTY_BODY = YES;
				CLANG_WARN_ENUM_CONVERSION = YES;
				CLANG_WARN_INFINITE_RECURSION = YES;
				CLANG_WARN_INT_CONVERSION = YES;
				CLANG_WARN_NON_LITERAL_NULL_CONVERSION = YES;
				CLANG_WARN_OBJC_IMPLICIT_RETAIN_SELF = YES;
				CLANG_WARN_OBJC_LITERAL_CONVERSION = YES;
				CLANG_WARN_OBJC_ROOT_CLASS = YES_ERROR;
				CLANG_WARN_QUOTED_INCLUDE_IN_FRAMEWORK_HEADER = YES;
				CLANG_WARN_RANGE_LOOP_ANALYSIS = YES;
				CLANG_WARN_STRICT_PROTOTYPES = YES;
				CLANG_WARN_SUSPICIOUS_MOVE = YES;
				CLANG_WARN_UNGUARDED_AVAILABILITY = YES_AGGRESSIVE;
				CLANG_WARN_UNREACHABLE_CODE = YES;
				CLANG_WARN__DUPLICATE_METHOD_MATCH = YES;
				COPY_PHASE_STRIP = NO;
				DEBUG_INFORMATION_FORMAT = "dwarf-with-dsym";
				ENABLE_NS_ASSERTIONS = NO;
				ENABLE_STRICT_OBJC_MSGSEND = YES;
				ENABLE_USER_SCRIPT_SANDBOXING = YES;
				GCC_C_LANGUAGE_STANDARD = gnu17;
				GCC_NO_COMMON_BLOCKS = YES;
				GCC_WARN_64_TO_32_BIT_CONVERSION = YES;
				GCC_WARN_ABOUT_RETURN_TYPE = YES_ERROR;
				GCC_WARN_UNDECLARED_SELECTOR = YES;
				GCC_WARN_UNINITIALIZED_AUTOS = YES_AGGRESSIVE;
				GCC_WARN_UNUSED_FUNCTION = YES;
				GCC_WARN_UNUSED_VARIABLE = YES;
				IPHONEOS_DEPLOYMENT_TARGET = 17.2;
				LOCALIZATION_PREFERS_STRING_CATALOGS = YES;
				MTL_ENABLE_DEBUG_INFO = NO;
				MTL_FAST_MATH = YES;
				SDKROOT = iphoneos;
				SWIFT_COMPILATION_MODE = wholemodule;
				VALIDATE_PRODUCT = YES;
			};
			name = Release;
		};
		BF217FCD2B90445900005292 /* Debug */ = {
			isa = XCBuildConfiguration;
			buildSettings = {
				ASSETCATALOG_COMPILER_APPICON_NAME = AppIcon;
				ASSETCATALOG_COMPILER_GLOBAL_ACCENT_COLOR_NAME = AccentColor;
				CODE_SIGN_STYLE = Automatic;
				CURRENT_PROJECT_VERSION = 1;
				DEVELOPMENT_TEAM = RKG4N9K9YM;
				GENERATE_INFOPLIST_FILE = YES;
				INFOPLIST_FILE = GundyMarket/Resource/Info.plist;
				INFOPLIST_KEY_UIApplicationSupportsIndirectInputEvents = YES;
				INFOPLIST_KEY_UILaunchStoryboardName = LaunchScreen;
				INFOPLIST_KEY_UISupportedInterfaceOrientations_iPad = "UIInterfaceOrientationPortrait UIInterfaceOrientationPortraitUpsideDown UIInterfaceOrientationLandscapeLeft UIInterfaceOrientationLandscapeRight";
				INFOPLIST_KEY_UISupportedInterfaceOrientations_iPhone = "UIInterfaceOrientationPortrait UIInterfaceOrientationLandscapeLeft UIInterfaceOrientationLandscapeRight";
				LD_RUNPATH_SEARCH_PATHS = (
					"$(inherited)",
					"@executable_path/Frameworks",
				);
				MARKETING_VERSION = 1.0;
				PRODUCT_BUNDLE_IDENTIFIER = com.Gundy.GundyMarket;
				PRODUCT_NAME = "$(TARGET_NAME)";
				SUPPORTED_PLATFORMS = "iphoneos iphonesimulator";
				SUPPORTS_MACCATALYST = NO;
				SUPPORTS_MAC_DESIGNED_FOR_IPHONE_IPAD = NO;
				SUPPORTS_XR_DESIGNED_FOR_IPHONE_IPAD = NO;
				SWIFT_EMIT_LOC_STRINGS = YES;
				SWIFT_VERSION = 5.0;
				TARGETED_DEVICE_FAMILY = 1;
			};
			name = Debug;
		};
		BF217FCE2B90445900005292 /* Release */ = {
			isa = XCBuildConfiguration;
			buildSettings = {
				ASSETCATALOG_COMPILER_APPICON_NAME = AppIcon;
				ASSETCATALOG_COMPILER_GLOBAL_ACCENT_COLOR_NAME = AccentColor;
				CODE_SIGN_STYLE = Automatic;
				CURRENT_PROJECT_VERSION = 1;
				DEVELOPMENT_TEAM = RKG4N9K9YM;
				GENERATE_INFOPLIST_FILE = YES;
				INFOPLIST_FILE = GundyMarket/Resource/Info.plist;
				INFOPLIST_KEY_UIApplicationSupportsIndirectInputEvents = YES;
				INFOPLIST_KEY_UILaunchStoryboardName = LaunchScreen;
				INFOPLIST_KEY_UISupportedInterfaceOrientations_iPad = "UIInterfaceOrientationPortrait UIInterfaceOrientationPortraitUpsideDown UIInterfaceOrientationLandscapeLeft UIInterfaceOrientationLandscapeRight";
				INFOPLIST_KEY_UISupportedInterfaceOrientations_iPhone = "UIInterfaceOrientationPortrait UIInterfaceOrientationLandscapeLeft UIInterfaceOrientationLandscapeRight";
				LD_RUNPATH_SEARCH_PATHS = (
					"$(inherited)",
					"@executable_path/Frameworks",
				);
				MARKETING_VERSION = 1.0;
				PRODUCT_BUNDLE_IDENTIFIER = com.Gundy.GundyMarket;
				PRODUCT_NAME = "$(TARGET_NAME)";
				SUPPORTED_PLATFORMS = "iphoneos iphonesimulator";
				SUPPORTS_MACCATALYST = NO;
				SUPPORTS_MAC_DESIGNED_FOR_IPHONE_IPAD = NO;
				SUPPORTS_XR_DESIGNED_FOR_IPHONE_IPAD = NO;
				SWIFT_EMIT_LOC_STRINGS = YES;
				SWIFT_VERSION = 5.0;
				TARGETED_DEVICE_FAMILY = 1;
			};
			name = Release;
		};
		BF21801F2B9303A400005292 /* Debug */ = {
			isa = XCBuildConfiguration;
			buildSettings = {
				BUNDLE_LOADER = "$(TEST_HOST)";
				CODE_SIGN_STYLE = Automatic;
				CURRENT_PROJECT_VERSION = 1;
				DEVELOPMENT_TEAM = RKG4N9K9YM;
				GENERATE_INFOPLIST_FILE = YES;
				MARKETING_VERSION = 1.0;
				PRODUCT_BUNDLE_IDENTIFIER = com.Gundy.GundyMarketTests;
				PRODUCT_NAME = "$(TARGET_NAME)";
				SWIFT_EMIT_LOC_STRINGS = NO;
				SWIFT_VERSION = 5.0;
				TARGETED_DEVICE_FAMILY = "1,2";
				TEST_HOST = "$(BUILT_PRODUCTS_DIR)/GundyMarket.app/$(BUNDLE_EXECUTABLE_FOLDER_PATH)/GundyMarket";
			};
			name = Debug;
		};
		BF2180202B9303A400005292 /* Release */ = {
			isa = XCBuildConfiguration;
			buildSettings = {
				BUNDLE_LOADER = "$(TEST_HOST)";
				CODE_SIGN_STYLE = Automatic;
				CURRENT_PROJECT_VERSION = 1;
				DEVELOPMENT_TEAM = RKG4N9K9YM;
				GENERATE_INFOPLIST_FILE = YES;
				MARKETING_VERSION = 1.0;
				PRODUCT_BUNDLE_IDENTIFIER = com.Gundy.GundyMarketTests;
				PRODUCT_NAME = "$(TARGET_NAME)";
				SWIFT_EMIT_LOC_STRINGS = NO;
				SWIFT_VERSION = 5.0;
				TARGETED_DEVICE_FAMILY = "1,2";
				TEST_HOST = "$(BUILT_PRODUCTS_DIR)/GundyMarket.app/$(BUNDLE_EXECUTABLE_FOLDER_PATH)/GundyMarket";
			};
			name = Release;
		};
/* End XCBuildConfiguration section */

/* Begin XCConfigurationList section */
		BF217FB32B90445700005292 /* Build configuration list for PBXProject "GundyMarket" */ = {
			isa = XCConfigurationList;
			buildConfigurations = (
				BF217FCA2B90445900005292 /* Debug */,
				BF217FCB2B90445900005292 /* Release */,
			);
			defaultConfigurationIsVisible = 0;
			defaultConfigurationName = Release;
		};
		BF217FCC2B90445900005292 /* Build configuration list for PBXNativeTarget "GundyMarket" */ = {
			isa = XCConfigurationList;
			buildConfigurations = (
				BF217FCD2B90445900005292 /* Debug */,
				BF217FCE2B90445900005292 /* Release */,
			);
			defaultConfigurationIsVisible = 0;
			defaultConfigurationName = Release;
		};
		BF2180212B9303A400005292 /* Build configuration list for PBXNativeTarget "GundyMarketTests" */ = {
			isa = XCConfigurationList;
			buildConfigurations = (
				BF21801F2B9303A400005292 /* Debug */,
				BF2180202B9303A400005292 /* Release */,
			);
			defaultConfigurationIsVisible = 0;
			defaultConfigurationName = Release;
		};
/* End XCConfigurationList section */
	};
	rootObject = BF217FB02B90445700005292 /* Project object */;
}
